
Microsoft Visual Studio Solution File, Format Version 12.00
# Visual Studio Version 17
VisualStudioVersion = 17.0.31903.59
MinimumVisualStudioVersion = 10.0.40219.1
Project("{2150E333-8FDC-42A3-9474-1A3956D46DE8}") = "services", "services", "{5854FF58-B8C5-05C6-5BF2-ACE42193F22B}"
EndProject
Project("{2150E333-8FDC-42A3-9474-1A3956D46DE8}") = "am", "am", "{8C695DD8-D8F8-5B67-5FE3-B6367DFBA5D4}"
EndProject
Project("{FAE04EC0-301F-11D3-BF4B-00C04F79EFBC}") = "Am.Api", "services\am\Am.Api\Am.Api.csproj", "{264C7781-1E66-48FD-B2EC-D6EA1CFC98A7}"
EndProject
Project("{FAE04EC0-301F-11D3-BF4B-00C04F79EFBC}") = "Am.Api.Tests", "services\am\Am.Api.Tests\Am.Api.Tests.csproj", "{47A0AE73-1389-4544-BC8A-F7DD74A70E99}"
EndProject
Project("{FAE04EC0-301F-11D3-BF4B-00C04F79EFBC}") = "Sdm.Api", "services\sdm\Sdm.Api\Sdm.Api.csproj", "{1D2684C8-03F5-46DA-B166-9523C0C69867}"
EndProject
Project("{FAE04EC0-301F-11D3-BF4B-00C04F79EFBC}") = "Sdm.Api.Tests", "services\sdm\Sdm.Api.Tests\Sdm.Api.Tests.csproj", "{C47AFC92-EB46-4912-97AC-52CAC4238B46}"
EndProject
Project("{FAE04EC0-301F-11D3-BF4B-00C04F79EFBC}") = "Opt.Api", "services\opt\Opt.Api\Opt.Api.csproj", "{53F31165-85C9-4F09-AD87-C04AD4BE08FB}"
EndProject
Project("{FAE04EC0-301F-11D3-BF4B-00C04F79EFBC}") = "Opt.Api.Tests", "services\opt\Opt.Api.Tests\Opt.Api.Tests.csproj", "{691291F5-54BC-4949-857E-50C119E224F1}"
EndProject
Project("{FAE04EC0-301F-11D3-BF4B-00C04F79EFBC}") = "Rdm.Api", "services\rdm\Rdm.Api\Rdm.Api.csproj", "{B229406E-9D79-4E27-BD99-0553D382A2B2}"
EndProject
Project("{FAE04EC0-301F-11D3-BF4B-00C04F79EFBC}") = "Rdm.Api.Tests", "services\rdm\Rdm.Api.Tests\Rdm.Api.Tests.csproj", "{0359B7CE-2419-401A-841B-041CA527F617}"
EndProject
Project("{FAE04EC0-301F-11D3-BF4B-00C04F79EFBC}") = "Bff.Api", "services\bff\Bff.Api\Bff.Api.csproj", "{A12C78AF-1EAA-410E-95E9-D4E941744D51}"
EndProject
Project("{FAE04EC0-301F-11D3-BF4B-00C04F79EFBC}") = "Bff.Api.Tests", "services\bff\Bff.Api.Tests\Bff.Api.Tests.csproj", "{3754A9AB-4ADB-405E-B98C-34BBB6E9733B}"
EndProject
Project("{FAE04EC0-301F-11D3-BF4B-00C04F79EFBC}") = "Shared", "shared\Shared\Shared.csproj", "{6BDD2A41-B5C5-4F41-812C-1BC3D6091FEE}"
EndProject
Project("{FAE04EC0-301F-11D3-BF4B-00C04F79EFBC}") = "Dv.App", "client\Dv.App\Dv.App.csproj", "{0BECAA35-CD80-4410-826B-0D39A6EA5CE9}"
EndProject
Global
	GlobalSection(SolutionConfigurationPlatforms) = preSolution
		Debug|Any CPU = Debug|Any CPU
		Debug|x64 = Debug|x64
		Debug|x86 = Debug|x86
		Release|Any CPU = Release|Any CPU
		Release|x64 = Release|x64
		Release|x86 = Release|x86
	EndGlobalSection
	GlobalSection(ProjectConfigurationPlatforms) = postSolution
		{264C7781-1E66-48FD-B2EC-D6EA1CFC98A7}.Debug|Any CPU.ActiveCfg = Debug|Any CPU
		{264C7781-1E66-48FD-B2EC-D6EA1CFC98A7}.Debug|Any CPU.Build.0 = Debug|Any CPU
		{264C7781-1E66-48FD-B2EC-D6EA1CFC98A7}.Debug|x64.ActiveCfg = Debug|Any CPU
		{264C7781-1E66-48FD-B2EC-D6EA1CFC98A7}.Debug|x64.Build.0 = Debug|Any CPU
		{264C7781-1E66-48FD-B2EC-D6EA1CFC98A7}.Debug|x86.ActiveCfg = Debug|Any CPU
		{264C7781-1E66-48FD-B2EC-D6EA1CFC98A7}.Debug|x86.Build.0 = Debug|Any CPU
		{264C7781-1E66-48FD-B2EC-D6EA1CFC98A7}.Release|Any CPU.ActiveCfg = Release|Any CPU
		{264C7781-1E66-48FD-B2EC-D6EA1CFC98A7}.Release|Any CPU.Build.0 = Release|Any CPU
		{264C7781-1E66-48FD-B2EC-D6EA1CFC98A7}.Release|x64.ActiveCfg = Release|Any CPU
		{264C7781-1E66-48FD-B2EC-D6EA1CFC98A7}.Release|x64.Build.0 = Release|Any CPU
		{264C7781-1E66-48FD-B2EC-D6EA1CFC98A7}.Release|x86.ActiveCfg = Release|Any CPU
		{264C7781-1E66-48FD-B2EC-D6EA1CFC98A7}.Release|x86.Build.0 = Release|Any CPU
		{47A0AE73-1389-4544-BC8A-F7DD74A70E99}.Debug|Any CPU.ActiveCfg = Debug|Any CPU
		{47A0AE73-1389-4544-BC8A-F7DD74A70E99}.Debug|Any CPU.Build.0 = Debug|Any CPU
		{47A0AE73-1389-4544-BC8A-F7DD74A70E99}.Debug|x64.ActiveCfg = Debug|Any CPU
		{47A0AE73-1389-4544-BC8A-F7DD74A70E99}.Debug|x64.Build.0 = Debug|Any CPU
		{47A0AE73-1389-4544-BC8A-F7DD74A70E99}.Debug|x86.ActiveCfg = Debug|Any CPU
		{47A0AE73-1389-4544-BC8A-F7DD74A70E99}.Debug|x86.Build.0 = Debug|Any CPU
		{47A0AE73-1389-4544-BC8A-F7DD74A70E99}.Release|Any CPU.ActiveCfg = Release|Any CPU
		{47A0AE73-1389-4544-BC8A-F7DD74A70E99}.Release|Any CPU.Build.0 = Release|Any CPU
		{47A0AE73-1389-4544-BC8A-F7DD74A70E99}.Release|x64.ActiveCfg = Release|Any CPU
		{47A0AE73-1389-4544-BC8A-F7DD74A70E99}.Release|x64.Build.0 = Release|Any CPU
		{47A0AE73-1389-4544-BC8A-F7DD74A70E99}.Release|x86.ActiveCfg = Release|Any CPU
		{47A0AE73-1389-4544-BC8A-F7DD74A70E99}.Release|x86.Build.0 = Release|Any CPU
		{1D2684C8-03F5-46DA-B166-9523C0C69867}.Debug|Any CPU.ActiveCfg = Debug|Any CPU
		{1D2684C8-03F5-46DA-B166-9523C0C69867}.Debug|Any CPU.Build.0 = Debug|Any CPU
		{1D2684C8-03F5-46DA-B166-9523C0C69867}.Debug|x64.ActiveCfg = Debug|Any CPU
		{1D2684C8-03F5-46DA-B166-9523C0C69867}.Debug|x64.Build.0 = Debug|Any CPU
		{1D2684C8-03F5-46DA-B166-9523C0C69867}.Debug|x86.ActiveCfg = Debug|Any CPU
		{1D2684C8-03F5-46DA-B166-9523C0C69867}.Debug|x86.Build.0 = Debug|Any CPU
		{1D2684C8-03F5-46DA-B166-9523C0C69867}.Release|Any CPU.ActiveCfg = Release|Any CPU
		{1D2684C8-03F5-46DA-B166-9523C0C69867}.Release|Any CPU.Build.0 = Release|Any CPU
		{1D2684C8-03F5-46DA-B166-9523C0C69867}.Release|x64.ActiveCfg = Release|Any CPU
		{1D2684C8-03F5-46DA-B166-9523C0C69867}.Release|x64.Build.0 = Release|Any CPU
		{1D2684C8-03F5-46DA-B166-9523C0C69867}.Release|x86.ActiveCfg = Release|Any CPU
		{1D2684C8-03F5-46DA-B166-9523C0C69867}.Release|x86.Build.0 = Release|Any CPU
		{C47AFC92-EB46-4912-97AC-52CAC4238B46}.Debug|Any CPU.ActiveCfg = Debug|Any CPU
		{C47AFC92-EB46-4912-97AC-52CAC4238B46}.Debug|Any CPU.Build.0 = Debug|Any CPU
		{C47AFC92-EB46-4912-97AC-52CAC4238B46}.Debug|x64.ActiveCfg = Debug|Any CPU
		{C47AFC92-EB46-4912-97AC-52CAC4238B46}.Debug|x64.Build.0 = Debug|Any CPU
		{C47AFC92-EB46-4912-97AC-52CAC4238B46}.Debug|x86.ActiveCfg = Debug|Any CPU
		{C47AFC92-EB46-4912-97AC-52CAC4238B46}.Debug|x86.Build.0 = Debug|Any CPU
		{C47AFC92-EB46-4912-97AC-52CAC4238B46}.Release|Any CPU.ActiveCfg = Release|Any CPU
		{C47AFC92-EB46-4912-97AC-52CAC4238B46}.Release|Any CPU.Build.0 = Release|Any CPU
		{C47AFC92-EB46-4912-97AC-52CAC4238B46}.Release|x64.ActiveCfg = Release|Any CPU
		{C47AFC92-EB46-4912-97AC-52CAC4238B46}.Release|x64.Build.0 = Release|Any CPU
		{C47AFC92-EB46-4912-97AC-52CAC4238B46}.Release|x86.ActiveCfg = Release|Any CPU
		{C47AFC92-EB46-4912-97AC-52CAC4238B46}.Release|x86.Build.0 = Release|Any CPU
		{53F31165-85C9-4F09-AD87-C04AD4BE08FB}.Debug|Any CPU.ActiveCfg = Debug|Any CPU
		{53F31165-85C9-4F09-AD87-C04AD4BE08FB}.Debug|Any CPU.Build.0 = Debug|Any CPU
		{53F31165-85C9-4F09-AD87-C04AD4BE08FB}.Debug|x64.ActiveCfg = Debug|Any CPU
		{53F31165-85C9-4F09-AD87-C04AD4BE08FB}.Debug|x64.Build.0 = Debug|Any CPU
		{53F31165-85C9-4F09-AD87-C04AD4BE08FB}.Debug|x86.ActiveCfg = Debug|Any CPU
		{53F31165-85C9-4F09-AD87-C04AD4BE08FB}.Debug|x86.Build.0 = Debug|Any CPU
		{53F31165-85C9-4F09-AD87-C04AD4BE08FB}.Release|Any CPU.ActiveCfg = Release|Any CPU
		{53F31165-85C9-4F09-AD87-C04AD4BE08FB}.Release|Any CPU.Build.0 = Release|Any CPU
		{53F31165-85C9-4F09-AD87-C04AD4BE08FB}.Release|x64.ActiveCfg = Release|Any CPU
		{53F31165-85C9-4F09-AD87-C04AD4BE08FB}.Release|x64.Build.0 = Release|Any CPU
		{53F31165-85C9-4F09-AD87-C04AD4BE08FB}.Release|x86.ActiveCfg = Release|Any CPU
		{53F31165-85C9-4F09-AD87-C04AD4BE08FB}.Release|x86.Build.0 = Release|Any CPU
		{691291F5-54BC-4949-857E-50C119E224F1}.Debug|Any CPU.ActiveCfg = Debug|Any CPU
		{691291F5-54BC-4949-857E-50C119E224F1}.Debug|Any CPU.Build.0 = Debug|Any CPU
		{691291F5-54BC-4949-857E-50C119E224F1}.Debug|x64.ActiveCfg = Debug|Any CPU
		{691291F5-54BC-4949-857E-50C119E224F1}.Debug|x64.Build.0 = Debug|Any CPU
		{691291F5-54BC-4949-857E-50C119E224F1}.Debug|x86.ActiveCfg = Debug|Any CPU
		{691291F5-54BC-4949-857E-50C119E224F1}.Debug|x86.Build.0 = Debug|Any CPU
		{691291F5-54BC-4949-857E-50C119E224F1}.Release|Any CPU.ActiveCfg = Release|Any CPU
		{691291F5-54BC-4949-857E-50C119E224F1}.Release|Any CPU.Build.0 = Release|Any CPU
		{691291F5-54BC-4949-857E-50C119E224F1}.Release|x64.ActiveCfg = Release|Any CPU
		{691291F5-54BC-4949-857E-50C119E224F1}.Release|x64.Build.0 = Release|Any CPU
		{691291F5-54BC-4949-857E-50C119E224F1}.Release|x86.ActiveCfg = Release|Any CPU
		{691291F5-54BC-4949-857E-50C119E224F1}.Release|x86.Build.0 = Release|Any CPU
		{B229406E-9D79-4E27-BD99-0553D382A2B2}.Debug|Any CPU.ActiveCfg = Debug|Any CPU
		{B229406E-9D79-4E27-BD99-0553D382A2B2}.Debug|Any CPU.Build.0 = Debug|Any CPU
		{B229406E-9D79-4E27-BD99-0553D382A2B2}.Debug|x64.ActiveCfg = Debug|Any CPU
		{B229406E-9D79-4E27-BD99-0553D382A2B2}.Debug|x64.Build.0 = Debug|Any CPU
		{B229406E-9D79-4E27-BD99-0553D382A2B2}.Debug|x86.ActiveCfg = Debug|Any CPU
		{B229406E-9D79-4E27-BD99-0553D382A2B2}.Debug|x86.Build.0 = Debug|Any CPU
		{B229406E-9D79-4E27-BD99-0553D382A2B2}.Release|Any CPU.ActiveCfg = Release|Any CPU
		{B229406E-9D79-4E27-BD99-0553D382A2B2}.Release|Any CPU.Build.0 = Release|Any CPU
		{B229406E-9D79-4E27-BD99-0553D382A2B2}.Release|x64.ActiveCfg = Release|Any CPU
		{B229406E-9D79-4E27-BD99-0553D382A2B2}.Release|x64.Build.0 = Release|Any CPU
		{B229406E-9D79-4E27-BD99-0553D382A2B2}.Release|x86.ActiveCfg = Release|Any CPU
		{B229406E-9D79-4E27-BD99-0553D382A2B2}.Release|x86.Build.0 = Release|Any CPU
		{0359B7CE-2419-401A-841B-041CA527F617}.Debug|Any CPU.ActiveCfg = Debug|Any CPU
		{0359B7CE-2419-401A-841B-041CA527F617}.Debug|Any CPU.Build.0 = Debug|Any CPU
		{0359B7CE-2419-401A-841B-041CA527F617}.Debug|x64.ActiveCfg = Debug|Any CPU
		{0359B7CE-2419-401A-841B-041CA527F617}.Debug|x64.Build.0 = Debug|Any CPU
		{0359B7CE-2419-401A-841B-041CA527F617}.Debug|x86.ActiveCfg = Debug|Any CPU
		{0359B7CE-2419-401A-841B-041CA527F617}.Debug|x86.Build.0 = Debug|Any CPU
		{0359B7CE-2419-401A-841B-041CA527F617}.Release|Any CPU.ActiveCfg = Release|Any CPU
		{0359B7CE-2419-401A-841B-041CA527F617}.Release|Any CPU.Build.0 = Release|Any CPU
		{0359B7CE-2419-401A-841B-041CA527F617}.Release|x64.ActiveCfg = Release|Any CPU
		{0359B7CE-2419-401A-841B-041CA527F617}.Release|x64.Build.0 = Release|Any CPU
		{0359B7CE-2419-401A-841B-041CA527F617}.Release|x86.ActiveCfg = Release|Any CPU
		{0359B7CE-2419-401A-841B-041CA527F617}.Release|x86.Build.0 = Release|Any CPU
		{A12C78AF-1EAA-410E-95E9-D4E941744D51}.Debug|Any CPU.ActiveCfg = Debug|Any CPU
		{A12C78AF-1EAA-410E-95E9-D4E941744D51}.Debug|Any CPU.Build.0 = Debug|Any CPU
		{A12C78AF-1EAA-410E-95E9-D4E941744D51}.Debug|x64.ActiveCfg = Debug|Any CPU
		{A12C78AF-1EAA-410E-95E9-D4E941744D51}.Debug|x64.Build.0 = Debug|Any CPU
		{A12C78AF-1EAA-410E-95E9-D4E941744D51}.Debug|x86.ActiveCfg = Debug|Any CPU
		{A12C78AF-1EAA-410E-95E9-D4E941744D51}.Debug|x86.Build.0 = Debug|Any CPU
		{A12C78AF-1EAA-410E-95E9-D4E941744D51}.Release|Any CPU.ActiveCfg = Release|Any CPU
		{A12C78AF-1EAA-410E-95E9-D4E941744D51}.Release|Any CPU.Build.0 = Release|Any CPU
		{A12C78AF-1EAA-410E-95E9-D4E941744D51}.Release|x64.ActiveCfg = Release|Any CPU
		{A12C78AF-1EAA-410E-95E9-D4E941744D51}.Release|x64.Build.0 = Release|Any CPU
		{A12C78AF-1EAA-410E-95E9-D4E941744D51}.Release|x86.ActiveCfg = Release|Any CPU
		{A12C78AF-1EAA-410E-95E9-D4E941744D51}.Release|x86.Build.0 = Release|Any CPU
		{3754A9AB-4ADB-405E-B98C-34BBB6E9733B}.Debug|Any CPU.ActiveCfg = Debug|Any CPU
		{3754A9AB-4ADB-405E-B98C-34BBB6E9733B}.Debug|Any CPU.Build.0 = Debug|Any CPU
		{3754A9AB-4ADB-405E-B98C-34BBB6E9733B}.Debug|x64.ActiveCfg = Debug|Any CPU
		{3754A9AB-4ADB-405E-B98C-34BBB6E9733B}.Debug|x64.Build.0 = Debug|Any CPU
		{3754A9AB-4ADB-405E-B98C-34BBB6E9733B}.Debug|x86.ActiveCfg = Debug|Any CPU
		{3754A9AB-4ADB-405E-B98C-34BBB6E9733B}.Debug|x86.Build.0 = Debug|Any CPU
		{3754A9AB-4ADB-405E-B98C-34BBB6E9733B}.Release|Any CPU.ActiveCfg = Release|Any CPU
		{3754A9AB-4ADB-405E-B98C-34BBB6E9733B}.Release|Any CPU.Build.0 = Release|Any CPU
		{3754A9AB-4ADB-405E-B98C-34BBB6E9733B}.Release|x64.ActiveCfg = Release|Any CPU
		{3754A9AB-4ADB-405E-B98C-34BBB6E9733B}.Release|x64.Build.0 = Release|Any CPU
		{3754A9AB-4ADB-405E-B98C-34BBB6E9733B}.Release|x86.ActiveCfg = Release|Any CPU
		{3754A9AB-4ADB-405E-B98C-34BBB6E9733B}.Release|x86.Build.0 = Release|Any CPU
		{6BDD2A41-B5C5-4F41-812C-1BC3D6091FEE}.Debug|Any CPU.ActiveCfg = Debug|Any CPU
		{6BDD2A41-B5C5-4F41-812C-1BC3D6091FEE}.Debug|Any CPU.Build.0 = Debug|Any CPU
		{6BDD2A41-B5C5-4F41-812C-1BC3D6091FEE}.Debug|x64.ActiveCfg = Debug|Any CPU
		{6BDD2A41-B5C5-4F41-812C-1BC3D6091FEE}.Debug|x64.Build.0 = Debug|Any CPU
		{6BDD2A41-B5C5-4F41-812C-1BC3D6091FEE}.Debug|x86.ActiveCfg = Debug|Any CPU
		{6BDD2A41-B5C5-4F41-812C-1BC3D6091FEE}.Debug|x86.Build.0 = Debug|Any CPU
		{6BDD2A41-B5C5-4F41-812C-1BC3D6091FEE}.Release|Any CPU.ActiveCfg = Release|Any CPU
		{6BDD2A41-B5C5-4F41-812C-1BC3D6091FEE}.Release|Any CPU.Build.0 = Release|Any CPU
		{6BDD2A41-B5C5-4F41-812C-1BC3D6091FEE}.Release|x64.ActiveCfg = Release|Any CPU
		{6BDD2A41-B5C5-4F41-812C-1BC3D6091FEE}.Release|x64.Build.0 = Release|Any CPU
		{6BDD2A41-B5C5-4F41-812C-1BC3D6091FEE}.Release|x86.ActiveCfg = Release|Any CPU
		{6BDD2A41-B5C5-4F41-812C-1BC3D6091FEE}.Release|x86.Build.0 = Release|Any CPU
		{0BECAA35-CD80-4410-826B-0D39A6EA5CE9}.Debug|Any CPU.ActiveCfg = Debug|Any CPU
		{0BECAA35-CD80-4410-826B-0D39A6EA5CE9}.Debug|Any CPU.Build.0 = Debug|Any CPU
		{0BECAA35-CD80-4410-826B-0D39A6EA5CE9}.Debug|x64.ActiveCfg = Debug|Any CPU
		{0BECAA35-CD80-4410-826B-0D39A6EA5CE9}.Debug|x64.Build.0 = Debug|Any CPU
		{0BECAA35-CD80-4410-826B-0D39A6EA5CE9}.Debug|x86.ActiveCfg = Debug|Any CPU
		{0BECAA35-CD80-4410-826B-0D39A6EA5CE9}.Debug|x86.Build.0 = Debug|Any CPU
		{0BECAA35-CD80-4410-826B-0D39A6EA5CE9}.Release|Any CPU.ActiveCfg = Release|Any CPU
		{0BECAA35-CD80-4410-826B-0D39A6EA5CE9}.Release|Any CPU.Build.0 = Release|Any CPU
		{0BECAA35-CD80-4410-826B-0D39A6EA5CE9}.Release|x64.ActiveCfg = Release|Any CPU
		{0BECAA35-CD80-4410-826B-0D39A6EA5CE9}.Release|x64.Build.0 = Release|Any CPU
		{0BECAA35-CD80-4410-826B-0D39A6EA5CE9}.Release|x86.ActiveCfg = Release|Any CPU
		{0BECAA35-CD80-4410-826B-0D39A6EA5CE9}.Release|x86.Build.0 = Release|Any CPU
	EndGlobalSection
	GlobalSection(SolutionProperties) = preSolution
		HideSolutionNode = FALSE
	EndGlobalSection
	GlobalSection(NestedProjects) = preSolution
		{8C695DD8-D8F8-5B67-5FE3-B6367DFBA5D4} = {5854FF58-B8C5-05C6-5BF2-ACE42193F22B}
		{264C7781-1E66-48FD-B2EC-D6EA1CFC98A7} = {8C695DD8-D8F8-5B67-5FE3-B6367DFBA5D4}
		{47A0AE73-1389-4544-BC8A-F7DD74A70E99} = {8C695DD8-D8F8-5B67-5FE3-B6367DFBA5D4}
		{1D2684C8-03F5-46DA-B166-9523C0C69867} = {8C695DD8-D8F8-5B67-5FE3-B6367DFBA5D4}
		{C47AFC92-EB46-4912-97AC-52CAC4238B46} = {8C695DD8-D8F8-5B67-5FE3-B6367DFBA5D4}
		{53F31165-85C9-4F09-AD87-C04AD4BE08FB} = {8C695DD8-D8F8-5B67-5FE3-B6367DFBA5D4}
		{691291F5-54BC-4949-857E-50C119E224F1} = {8C695DD8-D8F8-5B67-5FE3-B6367DFBA5D4}
		{B229406E-9D79-4E27-BD99-0553D382A2B2} = {8C695DD8-D8F8-5B67-5FE3-B6367DFBA5D4}
		{0359B7CE-2419-401A-841B-041CA527F617} = {8C695DD8-D8F8-5B67-5FE3-B6367DFBA5D4}
		{A12C78AF-1EAA-410E-95E9-D4E941744D51} = {8C695DD8-D8F8-5B67-5FE3-B6367DFBA5D4}
		{3754A9AB-4ADB-405E-B98C-34BBB6E9733B} = {8C695DD8-D8F8-5B67-5FE3-B6367DFBA5D4}
		{6BDD2A41-B5C5-4F41-812C-1BC3D6091FEE} = {8C695DD8-D8F8-5B67-5FE3-B6367DFBA5D4}
		{0BECAA35-CD80-4410-826B-0D39A6EA5CE9} = {8C695DD8-D8F8-5B67-5FE3-B6367DFBA5D4}
	EndGlobalSection
EndGlobal
